
Microsoft Visual Studio Solution File, Format Version 12.00
# Visual Studio Version 16
VisualStudioVersion = 16.0.31829.152
MinimumVisualStudioVersion = 10.0.40219.1
Project("{FAE04EC0-301F-11D3-BF4B-00C04F79EFBC}") = "Unraid2PortainerTemplates", "Unraid2PortainerTemplates\Unraid2PortainerTemplates.csproj", "{A95CA734-A0B4-42CA-8E2D-6F69270C5054}"
EndProject
Global
	GlobalSection(SolutionConfigurationPlatforms) = preSolution
		Debug|Any CPU = Debug|Any CPU
		Release|Any CPU = Release|Any CPU
	EndGlobalSection
	GlobalSection(ProjectConfigurationPlatforms) = postSolution
		{A95CA734-A0B4-42CA-8E2D-6F69270C5054}.Debug|Any CPU.ActiveCfg = Debug|Any CPU
		{A95CA734-A0B4-42CA-8E2D-6F69270C5054}.Debug|Any CPU.Build.0 = Debug|Any CPU
		{A95CA734-A0B4-42CA-8E2D-6F69270C5054}.Release|Any CPU.ActiveCfg = Release|Any CPU
		{A95CA734-A0B4-42CA-8E2D-6F69270C5054}.Release|Any CPU.Build.0 = Release|Any CPU
	EndGlobalSection
	GlobalSection(SolutionProperties) = preSolution
		HideSolutionNode = FALSE
	EndGlobalSection
	GlobalSection(ExtensibilityGlobals) = postSolution
		SolutionGuid = {993008B8-2207-4F8A-8FB1-9B8FE1ECFBC0}
	EndGlobalSection
EndGlobal
